
Microsoft Visual Studio Solution File, Format Version 12.00
# Visual Studio Version 17
VisualStudioVersion = 17.11.35312.102
MinimumVisualStudioVersion = 10.0.40219.1
Project("{FAE04EC0-301F-11D3-BF4B-00C04F79EFBC}") = "Lekce4", "Lekce4.csproj", "{9F749462-4660-4E36-AEF0-96757EAA1CBD}"
EndProject
Project("{FAE04EC0-301F-11D3-BF4B-00C04F79EFBC}") = "cyklus for", "..\cyklus for\cyklus for.csproj", "{F99765AF-89C6-46A1-BDC0-A25C296C02E6}"
EndProject
Project("{FAE04EC0-301F-11D3-BF4B-00C04F79EFBC}") = "Breakroom2", "..\Breakroom2\Breakroom2.csproj", "{8A17CFAB-C311-4FED-AB32-17BBD94FFD90}"
EndProject
Global
	GlobalSection(SolutionConfigurationPlatforms) = preSolution
		Debug|Any CPU = Debug|Any CPU
		Release|Any CPU = Release|Any CPU
	EndGlobalSection
	GlobalSection(ProjectConfigurationPlatforms) = postSolution
		{9F749462-4660-4E36-AEF0-96757EAA1CBD}.Debug|Any CPU.ActiveCfg = Debug|Any CPU
		{9F749462-4660-4E36-AEF0-96757EAA1CBD}.Debug|Any CPU.Build.0 = Debug|Any CPU
		{9F749462-4660-4E36-AEF0-96757EAA1CBD}.Release|Any CPU.ActiveCfg = Release|Any CPU
		{9F749462-4660-4E36-AEF0-96757EAA1CBD}.Release|Any CPU.Build.0 = Release|Any CPU
		{F99765AF-89C6-46A1-BDC0-A25C296C02E6}.Debug|Any CPU.ActiveCfg = Debug|Any CPU
		{F99765AF-89C6-46A1-BDC0-A25C296C02E6}.Debug|Any CPU.Build.0 = Debug|Any CPU
		{F99765AF-89C6-46A1-BDC0-A25C296C02E6}.Release|Any CPU.ActiveCfg = Release|Any CPU
		{F99765AF-89C6-46A1-BDC0-A25C296C02E6}.Release|Any CPU.Build.0 = Release|Any CPU
		{8A17CFAB-C311-4FED-AB32-17BBD94FFD90}.Debug|Any CPU.ActiveCfg = Debug|Any CPU
		{8A17CFAB-C311-4FED-AB32-17BBD94FFD90}.Debug|Any CPU.Build.0 = Debug|Any CPU
		{8A17CFAB-C311-4FED-AB32-17BBD94FFD90}.Release|Any CPU.ActiveCfg = Release|Any CPU
		{8A17CFAB-C311-4FED-AB32-17BBD94FFD90}.Release|Any CPU.Build.0 = Release|Any CPU
	EndGlobalSection
	GlobalSection(SolutionProperties) = preSolution
		HideSolutionNode = FALSE
	EndGlobalSection
	GlobalSection(ExtensibilityGlobals) = postSolution
		SolutionGuid = {2A03545A-FEB1-4EC1-89BB-65771A762220}
	EndGlobalSection
EndGlobal
